
Microsoft Visual Studio Solution File, Format Version 12.00
# Visual Studio Version 17
VisualStudioVersion = 17.0.31903.59
MinimumVisualStudioVersion = 10.0.40219.1
Project("{2150E333-8FDC-42A3-9474-1A3956D46DE8}") = "src", "src", "{AB4A018B-56D6-47F4-9DE6-817FFAF343EC}"
EndProject
Project("{FAE04EC0-301F-11D3-BF4B-00C04F79EFBC}") = "Infrastructure", "Infrastructure\Infrastructure.csproj", "{B6305D5E-D4E2-443D-923B-FBD1BE83670C}"
EndProject
Project("{FAE04EC0-301F-11D3-BF4B-00C04F79EFBC}") = "Auth.WebApi", "Auth.WebApi\Auth.WebApi.csproj", "{278F6410-EDA9-41B5-96C2-5114F2CD29BC}"
EndProject
Project("{2150E333-8FDC-42A3-9474-1A3956D46DE8}") = "Solution Items", "Solution Items", "{658C080F-0760-4E65-9D02-6A1EB5EEE2B7}"
	ProjectSection(SolutionItems) = preProject
		docker-compose.yml = docker-compose.yml
	EndProjectSection
EndProject
Project("{FAE04EC0-301F-11D3-BF4B-00C04F79EFBC}") = "SharedKernel", "SharedKernel\SharedKernel.csproj", "{98F5CD92-0BE0-4F14-80F6-699896447D45}"
EndProject
Project("{FAE04EC0-301F-11D3-BF4B-00C04F79EFBC}") = "Customer.WebApi", "Customer.WebApi\Customer.WebApi.csproj", "{CAD1856E-EC8A-474E-95BB-738778784D27}"
EndProject
Project("{FAE04EC0-301F-11D3-BF4B-00C04F79EFBC}") = "Inventories.WebApi", "Inventories.WebApi\Inventories.WebApi.csproj", "{91F382FF-77D2-4A58-B35E-4E1906E12B9B}"
EndProject
Project("{FAE04EC0-301F-11D3-BF4B-00C04F79EFBC}") = "EventSourcing.Worker", "Workers\EventSourcing.Worker\EventSourcing.Worker.csproj", "{2B9087AF-5849-4107-B007-E10E1087405F}"
EndProject
Project("{2150E333-8FDC-42A3-9474-1A3956D46DE8}") = "Persons", "Persons", "{EB497993-875C-47BF-818F-4FBCA3656FF2}"
EndProject
Project("{2150E333-8FDC-42A3-9474-1A3956D46DE8}") = "Inventories", "Inventories", "{262F30F4-7717-45AF-AF9F-49E07ACC1A52}"
EndProject
Project("{2150E333-8FDC-42A3-9474-1A3956D46DE8}") = "Auth", "Auth", "{0E3BF44B-18E2-410A-AF00-88C43989990B}"
EndProject
Project("{FAE04EC0-301F-11D3-BF4B-00C04F79EFBC}") = "Auth.Infrastructure", "Auth\Auth.Infrastructure\Auth.Infrastructure.csproj", "{BB2B6F27-BA68-4A1E-87A0-1131FABE7A3F}"
EndProject
Project("{FAE04EC0-301F-11D3-BF4B-00C04F79EFBC}") = "Auth.Application", "Auth\Auth.Application\Auth.Application.csproj", "{FDB71049-3761-479C-8702-50D8C43BAE27}"
EndProject
Project("{FAE04EC0-301F-11D3-BF4B-00C04F79EFBC}") = "Auth.Domain", "Auth\Auth.Domain\Auth.Domain.csproj", "{8437D6B6-C875-4C56-A1D4-C6BD20C73C9B}"
EndProject
Project("{FAE04EC0-301F-11D3-BF4B-00C04F79EFBC}") = "Persons.Infrastructure", "Person\Persons.Infrastructure\Persons.Infrastructure.csproj", "{2D5710CD-6E11-4ADD-9932-D22CF94EA13A}"
EndProject
Project("{FAE04EC0-301F-11D3-BF4B-00C04F79EFBC}") = "Persons.Application", "Person\Persons.Application\Persons.Application.csproj", "{545F287A-CD2D-4B7A-9363-BD40CDFE178A}"
EndProject
Project("{FAE04EC0-301F-11D3-BF4B-00C04F79EFBC}") = "Persons.Domain", "Person\Persons.Domain\Persons.Domain.csproj", "{A3A5F64B-B452-4B82-A515-EF9CB256A4AA}"
EndProject
Project("{FAE04EC0-301F-11D3-BF4B-00C04F79EFBC}") = "Inventories.Application", "Inventories\Inventories.Application\Inventories.Application.csproj", "{D5968996-E874-4A38-8F4A-A597361CA31F}"
EndProject
Project("{FAE04EC0-301F-11D3-BF4B-00C04F79EFBC}") = "Inventories.Domain", "Inventories\Inventories.Domain\Inventories.Domain.csproj", "{28587F9C-7004-4DA2-84E1-9830CCFF6A97}"
EndProject
Project("{FAE04EC0-301F-11D3-BF4B-00C04F79EFBC}") = "Inventories.Infrastructure", "Inventories\Inventories.Infrastructure\Inventories.Infrastructure.csproj", "{5A86D922-FECA-4688-8634-F3351A7A8221}"
EndProject
Project("{2150E333-8FDC-42A3-9474-1A3956D46DE8}") = "Common", "Common", "{EBC8AB58-9DB6-40CA-B211-FBD85C253E75}"
EndProject
Project("{2150E333-8FDC-42A3-9474-1A3956D46DE8}") = "EventSourcing", "EventSourcing", "{0EF7D4C7-2CBD-4A3A-8C4B-EA656074830C}"
EndProject
Project("{FAE04EC0-301F-11D3-BF4B-00C04F79EFBC}") = "EventSourcing.Domain", "EventSourcing\EventSourcing.Domain\EventSourcing.Domain.csproj", "{91C8F916-AC85-42D6-9746-A16AE934E1D3}"
EndProject
Project("{FAE04EC0-301F-11D3-BF4B-00C04F79EFBC}") = "EventSourcing.Application", "EventSourcing\EventSourcing.Application\EventSourcing.Application.csproj", "{A5B6A916-3F2E-4229-8834-832562862FC5}"
EndProject
Project("{FAE04EC0-301F-11D3-BF4B-00C04F79EFBC}") = "EventSourcing.Infrastructure", "EventSourcing\EventSourcing.Infrastructure\EventSourcing.Infrastructure.csproj", "{F1BCCD7F-70E4-420C-9912-7A559B15A767}"
EndProject
Global
	GlobalSection(SolutionConfigurationPlatforms) = preSolution
		Debug|Any CPU = Debug|Any CPU
		Release|Any CPU = Release|Any CPU
	EndGlobalSection
	GlobalSection(ProjectConfigurationPlatforms) = postSolution
		{B6305D5E-D4E2-443D-923B-FBD1BE83670C}.Debug|Any CPU.ActiveCfg = Debug|Any CPU
		{B6305D5E-D4E2-443D-923B-FBD1BE83670C}.Debug|Any CPU.Build.0 = Debug|Any CPU
		{B6305D5E-D4E2-443D-923B-FBD1BE83670C}.Release|Any CPU.ActiveCfg = Release|Any CPU
		{B6305D5E-D4E2-443D-923B-FBD1BE83670C}.Release|Any CPU.Build.0 = Release|Any CPU
		{278F6410-EDA9-41B5-96C2-5114F2CD29BC}.Debug|Any CPU.ActiveCfg = Debug|Any CPU
		{278F6410-EDA9-41B5-96C2-5114F2CD29BC}.Debug|Any CPU.Build.0 = Debug|Any CPU
		{278F6410-EDA9-41B5-96C2-5114F2CD29BC}.Release|Any CPU.ActiveCfg = Release|Any CPU
		{278F6410-EDA9-41B5-96C2-5114F2CD29BC}.Release|Any CPU.Build.0 = Release|Any CPU
		{98F5CD92-0BE0-4F14-80F6-699896447D45}.Debug|Any CPU.ActiveCfg = Debug|Any CPU
		{98F5CD92-0BE0-4F14-80F6-699896447D45}.Debug|Any CPU.Build.0 = Debug|Any CPU
		{98F5CD92-0BE0-4F14-80F6-699896447D45}.Release|Any CPU.ActiveCfg = Release|Any CPU
		{98F5CD92-0BE0-4F14-80F6-699896447D45}.Release|Any CPU.Build.0 = Release|Any CPU
		{CAD1856E-EC8A-474E-95BB-738778784D27}.Debug|Any CPU.ActiveCfg = Debug|Any CPU
		{CAD1856E-EC8A-474E-95BB-738778784D27}.Debug|Any CPU.Build.0 = Debug|Any CPU
		{CAD1856E-EC8A-474E-95BB-738778784D27}.Release|Any CPU.ActiveCfg = Release|Any CPU
		{CAD1856E-EC8A-474E-95BB-738778784D27}.Release|Any CPU.Build.0 = Release|Any CPU
		{91F382FF-77D2-4A58-B35E-4E1906E12B9B}.Debug|Any CPU.ActiveCfg = Debug|Any CPU
		{91F382FF-77D2-4A58-B35E-4E1906E12B9B}.Debug|Any CPU.Build.0 = Debug|Any CPU
		{91F382FF-77D2-4A58-B35E-4E1906E12B9B}.Release|Any CPU.ActiveCfg = Release|Any CPU
		{91F382FF-77D2-4A58-B35E-4E1906E12B9B}.Release|Any CPU.Build.0 = Release|Any CPU
		{2B9087AF-5849-4107-B007-E10E1087405F}.Debug|Any CPU.ActiveCfg = Debug|Any CPU
		{2B9087AF-5849-4107-B007-E10E1087405F}.Debug|Any CPU.Build.0 = Debug|Any CPU
		{2B9087AF-5849-4107-B007-E10E1087405F}.Release|Any CPU.ActiveCfg = Release|Any CPU
		{2B9087AF-5849-4107-B007-E10E1087405F}.Release|Any CPU.Build.0 = Release|Any CPU
		{BB2B6F27-BA68-4A1E-87A0-1131FABE7A3F}.Debug|Any CPU.ActiveCfg = Debug|Any CPU
		{BB2B6F27-BA68-4A1E-87A0-1131FABE7A3F}.Debug|Any CPU.Build.0 = Debug|Any CPU
		{BB2B6F27-BA68-4A1E-87A0-1131FABE7A3F}.Release|Any CPU.ActiveCfg = Release|Any CPU
		{BB2B6F27-BA68-4A1E-87A0-1131FABE7A3F}.Release|Any CPU.Build.0 = Release|Any CPU
		{FDB71049-3761-479C-8702-50D8C43BAE27}.Debug|Any CPU.ActiveCfg = Debug|Any CPU
		{FDB71049-3761-479C-8702-50D8C43BAE27}.Debug|Any CPU.Build.0 = Debug|Any CPU
		{FDB71049-3761-479C-8702-50D8C43BAE27}.Release|Any CPU.ActiveCfg = Release|Any CPU
		{FDB71049-3761-479C-8702-50D8C43BAE27}.Release|Any CPU.Build.0 = Release|Any CPU
		{8437D6B6-C875-4C56-A1D4-C6BD20C73C9B}.Debug|Any CPU.ActiveCfg = Debug|Any CPU
		{8437D6B6-C875-4C56-A1D4-C6BD20C73C9B}.Debug|Any CPU.Build.0 = Debug|Any CPU
		{8437D6B6-C875-4C56-A1D4-C6BD20C73C9B}.Release|Any CPU.ActiveCfg = Release|Any CPU
		{8437D6B6-C875-4C56-A1D4-C6BD20C73C9B}.Release|Any CPU.Build.0 = Release|Any CPU
		{2D5710CD-6E11-4ADD-9932-D22CF94EA13A}.Debug|Any CPU.ActiveCfg = Debug|Any CPU
		{2D5710CD-6E11-4ADD-9932-D22CF94EA13A}.Debug|Any CPU.Build.0 = Debug|Any CPU
		{2D5710CD-6E11-4ADD-9932-D22CF94EA13A}.Release|Any CPU.ActiveCfg = Release|Any CPU
		{2D5710CD-6E11-4ADD-9932-D22CF94EA13A}.Release|Any CPU.Build.0 = Release|Any CPU
		{545F287A-CD2D-4B7A-9363-BD40CDFE178A}.Debug|Any CPU.ActiveCfg = Debug|Any CPU
		{545F287A-CD2D-4B7A-9363-BD40CDFE178A}.Debug|Any CPU.Build.0 = Debug|Any CPU
		{545F287A-CD2D-4B7A-9363-BD40CDFE178A}.Release|Any CPU.ActiveCfg = Release|Any CPU
		{545F287A-CD2D-4B7A-9363-BD40CDFE178A}.Release|Any CPU.Build.0 = Release|Any CPU
		{A3A5F64B-B452-4B82-A515-EF9CB256A4AA}.Debug|Any CPU.ActiveCfg = Debug|Any CPU
		{A3A5F64B-B452-4B82-A515-EF9CB256A4AA}.Debug|Any CPU.Build.0 = Debug|Any CPU
		{A3A5F64B-B452-4B82-A515-EF9CB256A4AA}.Release|Any CPU.ActiveCfg = Release|Any CPU
		{A3A5F64B-B452-4B82-A515-EF9CB256A4AA}.Release|Any CPU.Build.0 = Release|Any CPU
		{D5968996-E874-4A38-8F4A-A597361CA31F}.Debug|Any CPU.ActiveCfg = Debug|Any CPU
		{D5968996-E874-4A38-8F4A-A597361CA31F}.Debug|Any CPU.Build.0 = Debug|Any CPU
		{D5968996-E874-4A38-8F4A-A597361CA31F}.Release|Any CPU.ActiveCfg = Release|Any CPU
		{D5968996-E874-4A38-8F4A-A597361CA31F}.Release|Any CPU.Build.0 = Release|Any CPU
		{28587F9C-7004-4DA2-84E1-9830CCFF6A97}.Debug|Any CPU.ActiveCfg = Debug|Any CPU
		{28587F9C-7004-4DA2-84E1-9830CCFF6A97}.Debug|Any CPU.Build.0 = Debug|Any CPU
		{28587F9C-7004-4DA2-84E1-9830CCFF6A97}.Release|Any CPU.ActiveCfg = Release|Any CPU
		{28587F9C-7004-4DA2-84E1-9830CCFF6A97}.Release|Any CPU.Build.0 = Release|Any CPU
		{5A86D922-FECA-4688-8634-F3351A7A8221}.Debug|Any CPU.ActiveCfg = Debug|Any CPU
		{5A86D922-FECA-4688-8634-F3351A7A8221}.Debug|Any CPU.Build.0 = Debug|Any CPU
		{5A86D922-FECA-4688-8634-F3351A7A8221}.Release|Any CPU.ActiveCfg = Release|Any CPU
		{5A86D922-FECA-4688-8634-F3351A7A8221}.Release|Any CPU.Build.0 = Release|Any CPU
		{91C8F916-AC85-42D6-9746-A16AE934E1D3}.Debug|Any CPU.ActiveCfg = Debug|Any CPU
		{91C8F916-AC85-42D6-9746-A16AE934E1D3}.Debug|Any CPU.Build.0 = Debug|Any CPU
		{91C8F916-AC85-42D6-9746-A16AE934E1D3}.Release|Any CPU.ActiveCfg = Release|Any CPU
		{91C8F916-AC85-42D6-9746-A16AE934E1D3}.Release|Any CPU.Build.0 = Release|Any CPU
		{A5B6A916-3F2E-4229-8834-832562862FC5}.Debug|Any CPU.ActiveCfg = Debug|Any CPU
		{A5B6A916-3F2E-4229-8834-832562862FC5}.Debug|Any CPU.Build.0 = Debug|Any CPU
		{A5B6A916-3F2E-4229-8834-832562862FC5}.Release|Any CPU.ActiveCfg = Release|Any CPU
		{A5B6A916-3F2E-4229-8834-832562862FC5}.Release|Any CPU.Build.0 = Release|Any CPU
		{F1BCCD7F-70E4-420C-9912-7A559B15A767}.Debug|Any CPU.ActiveCfg = Debug|Any CPU
		{F1BCCD7F-70E4-420C-9912-7A559B15A767}.Debug|Any CPU.Build.0 = Debug|Any CPU
		{F1BCCD7F-70E4-420C-9912-7A559B15A767}.Release|Any CPU.ActiveCfg = Release|Any CPU
		{F1BCCD7F-70E4-420C-9912-7A559B15A767}.Release|Any CPU.Build.0 = Release|Any CPU
	EndGlobalSection
	GlobalSection(SolutionProperties) = preSolution
		HideSolutionNode = FALSE
	EndGlobalSection
	GlobalSection(NestedProjects) = preSolution
		{EB497993-875C-47BF-818F-4FBCA3656FF2} = {AB4A018B-56D6-47F4-9DE6-817FFAF343EC}
		{262F30F4-7717-45AF-AF9F-49E07ACC1A52} = {AB4A018B-56D6-47F4-9DE6-817FFAF343EC}
		{0E3BF44B-18E2-410A-AF00-88C43989990B} = {AB4A018B-56D6-47F4-9DE6-817FFAF343EC}
		{BB2B6F27-BA68-4A1E-87A0-1131FABE7A3F} = {0E3BF44B-18E2-410A-AF00-88C43989990B}
		{FDB71049-3761-479C-8702-50D8C43BAE27} = {0E3BF44B-18E2-410A-AF00-88C43989990B}
		{8437D6B6-C875-4C56-A1D4-C6BD20C73C9B} = {0E3BF44B-18E2-410A-AF00-88C43989990B}
		{278F6410-EDA9-41B5-96C2-5114F2CD29BC} = {0E3BF44B-18E2-410A-AF00-88C43989990B}
		{2D5710CD-6E11-4ADD-9932-D22CF94EA13A} = {EB497993-875C-47BF-818F-4FBCA3656FF2}
		{545F287A-CD2D-4B7A-9363-BD40CDFE178A} = {EB497993-875C-47BF-818F-4FBCA3656FF2}
		{A3A5F64B-B452-4B82-A515-EF9CB256A4AA} = {EB497993-875C-47BF-818F-4FBCA3656FF2}
		{CAD1856E-EC8A-474E-95BB-738778784D27} = {EB497993-875C-47BF-818F-4FBCA3656FF2}
		{91F382FF-77D2-4A58-B35E-4E1906E12B9B} = {262F30F4-7717-45AF-AF9F-49E07ACC1A52}
		{D5968996-E874-4A38-8F4A-A597361CA31F} = {262F30F4-7717-45AF-AF9F-49E07ACC1A52}
		{28587F9C-7004-4DA2-84E1-9830CCFF6A97} = {262F30F4-7717-45AF-AF9F-49E07ACC1A52}
		{5A86D922-FECA-4688-8634-F3351A7A8221} = {262F30F4-7717-45AF-AF9F-49E07ACC1A52}
		{EBC8AB58-9DB6-40CA-B211-FBD85C253E75} = {AB4A018B-56D6-47F4-9DE6-817FFAF343EC}
		{B6305D5E-D4E2-443D-923B-FBD1BE83670C} = {EBC8AB58-9DB6-40CA-B211-FBD85C253E75}
		{98F5CD92-0BE0-4F14-80F6-699896447D45} = {EBC8AB58-9DB6-40CA-B211-FBD85C253E75}
		{0EF7D4C7-2CBD-4A3A-8C4B-EA656074830C} = {AB4A018B-56D6-47F4-9DE6-817FFAF343EC}
		{2B9087AF-5849-4107-B007-E10E1087405F} = {0EF7D4C7-2CBD-4A3A-8C4B-EA656074830C}
		{91C8F916-AC85-42D6-9746-A16AE934E1D3} = {0EF7D4C7-2CBD-4A3A-8C4B-EA656074830C}
		{A5B6A916-3F2E-4229-8834-832562862FC5} = {0EF7D4C7-2CBD-4A3A-8C4B-EA656074830C}
		{F1BCCD7F-70E4-420C-9912-7A559B15A767} = {0EF7D4C7-2CBD-4A3A-8C4B-EA656074830C}
	EndGlobalSection
EndGlobal
